<?xml version="1.0" encoding="utf-8"?>
<Project ToolsVersion="4.0" xmlns="http://schemas.microsoft.com/developer/msbuild/2003">
  <ItemGroup>
    <Filter Include="Database">
      <UniqueIdentifier>{bc253578-31c4-46f7-9c15-a6b14a3987df}</UniqueIdentifier>
    </Filter>
    <Filter Include="Util">
      <UniqueIdentifier>{d7575e29-fbbb-46bd-aeb2-c57a3aea8a16}</UniqueIdentifier>
    </Filter>
    <Filter Include="Network">
      <UniqueIdentifier>{3604fcdd-5ca9-442c-8f69-e6ec9ecca325}</UniqueIdentifier>
    </Filter>
    <Filter Include="Util\csv_parser">
      <UniqueIdentifier>{5a61c070-2025-4527-a090-e27419365eed}</UniqueIdentifier>
    </Filter>
    <Filter Include="Util\tinyXml">
      <UniqueIdentifier>{fe4488fe-e708-4358-85fa-85aab140c823}</UniqueIdentifier>
    </Filter>
    <Filter Include="Network\Asio">
      <UniqueIdentifier>{578f3ed4-fa44-4509-a40a-c16459b8bd43}</UniqueIdentifier>
    </Filter>
    <Filter Include="Network\Iocp">
      <UniqueIdentifier>{86505370-5b63-4c32-a95c-120bad82b8f8}</UniqueIdentifier>
    </Filter>
    <Filter Include="Network\Packet">
      <UniqueIdentifier>{84f16441-e021-48ef-90f2-64f23600b88d}</UniqueIdentifier>
    </Filter>
    <Filter Include="Network\Terminal">
      <UniqueIdentifier>{a6334bd1-a6b8-4b80-9ab3-6ed532f89cc7}</UniqueIdentifier>
    </Filter>
    <Filter Include="Common">
      <UniqueIdentifier>{4FC737F1-C7A5-4376-A066-2A32D752A2FF}</UniqueIdentifier>
      <Extensions>cpp;c;cc;cxx;def;odl;idl;hpj;bat;asm;asmx</Extensions>
    </Filter>
    <Filter Include="Contents">
      <UniqueIdentifier>{1e6337fe-e581-4593-9323-cf8b45759744}</UniqueIdentifier>
    </Filter>
  </ItemGroup>
  <ItemGroup>
    <Text Include="ReadMe.txt" />
  </ItemGroup>
  <ItemGroup>
    <ClInclude Include="Database\ADODatabase.h">
      <Filter>Database</Filter>
    </ClInclude>
    <ClInclude Include="Database\Database.h">
      <Filter>Database</Filter>
    </ClInclude>
    <ClInclude Include="Database\DBManager.h">
      <Filter>Database</Filter>
    </ClInclude>
    <ClInclude Include="Database\QueryRecord.h">
      <Filter>Database</Filter>
    </ClInclude>
    <ClInclude Include="Database\QueryStatement.h">
      <Filter>Database</Filter>
    </ClInclude>
    <ClInclude Include="Util\Assert.h">
      <Filter>Util</Filter>
    </ClInclude>
    <ClInclude Include="Util\Clock.h">
      <Filter>Util</Filter>
    </ClInclude>
    <ClInclude Include="Util\GameObject.h">
      <Filter>Util</Filter>
    </ClInclude>
    <ClInclude Include="Util\Lock.h">
      <Filter>Util</Filter>
    </ClInclude>
    <ClInclude Include="Util\Logger.h">
      <Filter>Util</Filter>
    </ClInclude>
    <ClInclude Include="Util\Memory_LowFragmentationHeap.h">
      <Filter>Util</Filter>
    </ClInclude>
    <ClInclude Include="Util\MemoryLeak.h">
      <Filter>Util</Filter>
    </ClInclude>
    <ClInclude Include="Util\Minidump.h">
      <Filter>Util</Filter>
    </ClInclude>
    <ClInclude Include="Util\RandomMT.h">
      <Filter>Util</Filter>
    </ClInclude>
    <ClInclude Include="Util\Singleton.h">
      <Filter>Util</Filter>
    </ClInclude>
    <ClInclude Include="Util\SMTPMail.h">
      <Filter>Util</Filter>
    </ClInclude>
    <ClInclude Include="Util\Table.h">
      <Filter>Util</Filter>
    </ClInclude>
    <ClInclude Include="Util\Task.h">
      <Filter>Util</Filter>
    </ClInclude>
    <ClInclude Include="Util\Thread.h">
      <Filter>Util</Filter>
    </ClInclude>
    <ClInclude Include="Util\ThreadJobQueue.h">
      <Filter>Util</Filter>
    </ClInclude>
    <ClInclude Include="Util\Type.h">
      <Filter>Util</Filter>
    </ClInclude>
    <ClInclude Include="Util\Util.h">
      <Filter>Util</Filter>
    </ClInclude>
    <ClInclude Include="Util\csv_parser\csv_parser.hpp">
      <Filter>Util\csv_parser</Filter>
    </ClInclude>
    <ClInclude Include="Util\tinyXml\tinystr.h">
      <Filter>Util\tinyXml</Filter>
    </ClInclude>
    <ClInclude Include="Util\tinyXml\tinyxml.h">
      <Filter>Util\tinyXml</Filter>
    </ClInclude>
    <ClInclude Include="Net\Server.h">
      <Filter>Network</Filter>
    </ClInclude>
    <ClInclude Include="Shutdown.h">
      <Filter>Common</Filter>
    </ClInclude>
    <ClInclude Include="Net\Packet\PacketAnalyzer.h">
      <Filter>Network\Packet</Filter>
    </ClInclude>
    <ClInclude Include="Net\Packet\PacketHeader.h">
      <Filter>Network\Packet</Filter>
    </ClInclude>
    <ClInclude Include="Net\Packet\Stream.h">
      <Filter>Network\Packet</Filter>
    </ClInclude>
    <ClInclude Include="Util\Config.h">
      <Filter>Util</Filter>
    </ClInclude>
    <ClInclude Include="Net\Packet\PacketClass.h">
      <Filter>Network\Packet</Filter>
    </ClInclude>
    <ClInclude Include="Net\WinSocket.h">
      <Filter>Network</Filter>
    </ClInclude>
    <ClInclude Include="Net\Iocp\IOCPSession.h">
      <Filter>Network\Iocp</Filter>
    </ClInclude>
    <ClInclude Include="Net\Iocp\IOCPServer.h">
      <Filter>Network\Iocp</Filter>
    </ClInclude>
    <ClInclude Include="Net\SessionManager.h">
      <Filter>Network</Filter>
    </ClInclude>
    <ClInclude Include="Net\Session.h">
      <Filter>Network</Filter>
    </ClInclude>
    <ClInclude Include="Net\Asio\ASIOSession.h">
      <Filter>Network\Asio</Filter>
    </ClInclude>
    <ClInclude Include="Net\Asio\ASIOServer.h">
      <Filter>Network\Asio</Filter>
    </ClInclude>
    <ClInclude Include="Database\Query.h">
      <Filter>Database</Filter>
    </ClInclude>
    <ClInclude Include="Net\Terminal\Terminal.h">
      <Filter>Network\Terminal</Filter>
    </ClInclude>
    <ClInclude Include="Net\Terminal\TerminalManager.h">
      <Filter>Network\Terminal</Filter>
    </ClInclude>
    <ClInclude Include="Net\Terminal\TerminalSession.h">
      <Filter>Network\Terminal</Filter>
    </ClInclude>
    <ClInclude Include="ServerLibrary.h">
      <Filter>Common</Filter>
    </ClInclude>
    <ClInclude Include="stdafx.h">
      <Filter>Common</Filter>
    </ClInclude>
    <ClInclude Include="targetver.h">
      <Filter>Common</Filter>
    </ClInclude>
    <ClInclude Include="Contents\ContentsProcess.h">
      <Filter>Contents</Filter>
    </ClInclude>
    <ClInclude Include="Net\Packet\Package.h">
      <Filter>Network\Packet</Filter>
    </ClInclude>
    <ClInclude Include="Util\Monitoring.h">
      <Filter>Util</Filter>
    </ClInclude>
    <ClInclude Include="Net\Packet\PacketFactory.h">
      <Filter>Network\Packet</Filter>
    </ClInclude>
    <ClInclude Include="Net\SessionMonitor.h">
      <Filter>Network</Filter>
    </ClInclude>
    <ClInclude Include="Util\ProgramValidation.h">
      <Filter>Util</Filter>
    </ClInclude>
    <ClInclude Include="Net\Packet\PacketObfuscation.h">
      <Filter>Network\Packet</Filter>
    </ClInclude>
  </ItemGroup>
  <ItemGroup>
    <ClCompile Include="stdafx.cpp">
      <Filter>Common</Filter>
    </ClCompile>
    <ClCompile Include="Database\ADODatabase.cpp">
      <Filter>Database</Filter>
    </ClCompile>
    <ClCompile Include="Database\DBManager.cpp">
      <Filter>Database</Filter>
    </ClCompile>
    <ClCompile Include="Database\QueryRecord.cpp">
      <Filter>Database</Filter>
    </ClCompile>
    <ClCompile Include="Database\QueryStatement.cpp">
      <Filter>Database</Filter>
    </ClCompile>
    <ClCompile Include="Util\Assert.cpp">
      <Filter>Util</Filter>
    </ClCompile>
    <ClCompile Include="Util\Clock.cpp">
      <Filter>Util</Filter>
    </ClCompile>
    <ClCompile Include="Util\Lock.cpp">
      <Filter>Util</Filter>
    </ClCompile>
    <ClCompile Include="Util\Logger.cpp">
      <Filter>Util</Filter>
    </ClCompile>
    <ClCompile Include="Util\Minidump.cpp">
      <Filter>Util</Filter>
    </ClCompile>
    <ClCompile Include="Util\SMTPMail.cpp">
      <Filter>Util</Filter>
    </ClCompile>
    <ClCompile Include="Util\Task.cpp">
      <Filter>Util</Filter>
    </ClCompile>
    <ClCompile Include="Util\Thread.cpp">
      <Filter>Util</Filter>
    </ClCompile>
    <ClCompile Include="Util\csv_parser\csv_parser.cpp">
      <Filter>Util\csv_parser</Filter>
    </ClCompile>
    <ClCompile Include="Util\tinyXml\tinystr.cpp">
      <Filter>Util\tinyXml</Filter>
    </ClCompile>
    <ClCompile Include="Util\tinyXml\tinyxml.cpp">
      <Filter>Util\tinyXml</Filter>
    </ClCompile>
    <ClCompile Include="Util\tinyXml\tinyxmlerror.cpp">
      <Filter>Util\tinyXml</Filter>
    </ClCompile>
    <ClCompile Include="Util\tinyXml\tinyxmlparser.cpp">
      <Filter>Util\tinyXml</Filter>
    </ClCompile>
    <ClCompile Include="Net\Server.cpp">
      <Filter>Network</Filter>
    </ClCompile>
    <ClCompile Include="Shutdown.cpp">
      <Filter>Common</Filter>
    </ClCompile>
    <ClCompile Include="Net\Packet\PacketAnalyzer.cpp">
      <Filter>Network\Packet</Filter>
    </ClCompile>
    <ClCompile Include="Net\Packet\Stream.cpp">
      <Filter>Network\Packet</Filter>
    </ClCompile>
    <ClCompile Include="Util\Config.cpp">
      <Filter>Util</Filter>
    </ClCompile>
    <ClCompile Include="Net\Iocp\IOCPSession.cpp">
      <Filter>Network\Iocp</Filter>
    </ClCompile>
    <ClCompile Include="Net\Iocp\IOCPServer.cpp">
      <Filter>Network\Iocp</Filter>
    </ClCompile>
    <ClCompile Include="Net\Session.cpp">
      <Filter>Network</Filter>
    </ClCompile>
    <ClCompile Include="Net\SessionManager.cpp">
      <Filter>Network</Filter>
    </ClCompile>
    <ClCompile Include="Net\Asio\ASIOSession.cpp">
      <Filter>Network\Asio</Filter>
    </ClCompile>
    <ClCompile Include="Net\Asio\ASIOServer.cpp">
      <Filter>Network\Asio</Filter>
    </ClCompile>
    <ClCompile Include="Database\Query.cpp">
      <Filter>Database</Filter>
    </ClCompile>
    <ClCompile Include="Net\Terminal\TerminalManager.cpp">
      <Filter>Network\Terminal</Filter>
    </ClCompile>
    <ClCompile Include="Net\Terminal\TerminalSession.cpp">
      <Filter>Network\Terminal</Filter>
    </ClCompile>
    <ClCompile Include="Net\Terminal\Terminal.cpp">
      <Filter>Network\Terminal</Filter>
    </ClCompile>
    <ClCompile Include="Contents\ContentsProcess.cpp">
      <Filter>Contents</Filter>
    </ClCompile>
    <ClCompile Include="Net\SessionMonitor.cpp">
      <Filter>Network</Filter>
    </ClCompile>
    <ClCompile Include="Net\Packet\PacketObfuscation.cpp">
      <Filter>Network\Packet</Filter>
    </ClCompile>
  </ItemGroup>
</Project>