
Microsoft Visual Studio Solution File, Format Version 12.00
# Visual Studio 15
VisualStudioVersion = 15.0.26403.7
MinimumVisualStudioVersion = 10.0.40219.1
Project("{FAE04EC0-301F-11D3-BF4B-00C04F79EFBC}") = "packetMaker", "..\packetMaker\packetMaker.csproj", "{27B177C3-CE22-49E1-9CAD-42C7154300A3}"
EndProject
Project("{8BC9CEB8-8B4A-11D0-8D11-00A0C91BC942}") = "ServerLibrary", "ServerLibrary\ServerLibrary.vcxproj", "{043F7836-D119-4491-88F1-DB6334219A32}"
EndProject
Project("{8BC9CEB8-8B4A-11D0-8D11-00A0C91BC942}") = "DBAgent", "DBAgent\DBAgent.vcxproj", "{E88085C2-D120-4E12-AA30-C848FF4B36AB}"
EndProject
Project("{8BC9CEB8-8B4A-11D0-8D11-00A0C91BC942}") = "LoginServer", "LoginServer\LoginServer.vcxproj", "{1515F39A-0956-4F01-A163-2960DC0B49F3}"
EndProject
Project("{2150E333-8FDC-42A3-9474-1A3956D46DE8}") = "Agent", "Agent", "{F8F74D7E-EDE2-4F20-A119-CCF9BFE21FCB}"
EndProject
Project("{2150E333-8FDC-42A3-9474-1A3956D46DE8}") = "Server", "Server", "{92A84213-B60A-4360-9132-CCD6210DC1DF}"
EndProject
Project("{2150E333-8FDC-42A3-9474-1A3956D46DE8}") = "Library", "Library", "{5F135202-5622-43EF-B1F5-3397FA339F74}"
EndProject
Project("{2150E333-8FDC-42A3-9474-1A3956D46DE8}") = "Tool", "Tool", "{D98D45E0-49EE-4911-8AD1-C990B9CD4A34}"
EndProject
Project("{8BC9CEB8-8B4A-11D0-8D11-00A0C91BC942}") = "ChattingServer", "ChattingServer\ChattingServer.vcxproj", "{1FE87616-8B24-4977-BBD6-F58F32684E51}"
EndProject
Global
	GlobalSection(SolutionConfigurationPlatforms) = preSolution
		Debug|Any CPU = Debug|Any CPU
		Debug|ARM = Debug|ARM
		Debug|Mixed Platforms = Debug|Mixed Platforms
		Debug|Win32 = Debug|Win32
		Debug|x64 = Debug|x64
		Release|Any CPU = Release|Any CPU
		Release|ARM = Release|ARM
		Release|Mixed Platforms = Release|Mixed Platforms
		Release|Win32 = Release|Win32
		Release|x64 = Release|x64
	EndGlobalSection
	GlobalSection(ProjectConfigurationPlatforms) = postSolution
		{27B177C3-CE22-49E1-9CAD-42C7154300A3}.Debug|Any CPU.ActiveCfg = Debug|Any CPU
		{27B177C3-CE22-49E1-9CAD-42C7154300A3}.Debug|Any CPU.Build.0 = Debug|Any CPU
		{27B177C3-CE22-49E1-9CAD-42C7154300A3}.Debug|ARM.ActiveCfg = Debug|Any CPU
		{27B177C3-CE22-49E1-9CAD-42C7154300A3}.Debug|Mixed Platforms.ActiveCfg = Debug|Any CPU
		{27B177C3-CE22-49E1-9CAD-42C7154300A3}.Debug|Mixed Platforms.Build.0 = Debug|Any CPU
		{27B177C3-CE22-49E1-9CAD-42C7154300A3}.Debug|Win32.ActiveCfg = Debug|Any CPU
		{27B177C3-CE22-49E1-9CAD-42C7154300A3}.Debug|x64.ActiveCfg = Debug|Any CPU
		{27B177C3-CE22-49E1-9CAD-42C7154300A3}.Release|Any CPU.ActiveCfg = Release|Any CPU
		{27B177C3-CE22-49E1-9CAD-42C7154300A3}.Release|Any CPU.Build.0 = Release|Any CPU
		{27B177C3-CE22-49E1-9CAD-42C7154300A3}.Release|ARM.ActiveCfg = Release|Any CPU
		{27B177C3-CE22-49E1-9CAD-42C7154300A3}.Release|Mixed Platforms.ActiveCfg = Release|Any CPU
		{27B177C3-CE22-49E1-9CAD-42C7154300A3}.Release|Mixed Platforms.Build.0 = Release|Any CPU
		{27B177C3-CE22-49E1-9CAD-42C7154300A3}.Release|Win32.ActiveCfg = Release|Any CPU
		{27B177C3-CE22-49E1-9CAD-42C7154300A3}.Release|x64.ActiveCfg = Release|Any CPU
		{043F7836-D119-4491-88F1-DB6334219A32}.Debug|Any CPU.ActiveCfg = Debug|Win32
		{043F7836-D119-4491-88F1-DB6334219A32}.Debug|ARM.ActiveCfg = Debug|Win32
		{043F7836-D119-4491-88F1-DB6334219A32}.Debug|Mixed Platforms.ActiveCfg = Debug|x64
		{043F7836-D119-4491-88F1-DB6334219A32}.Debug|Mixed Platforms.Build.0 = Debug|x64
		{043F7836-D119-4491-88F1-DB6334219A32}.Debug|Win32.ActiveCfg = Debug|Win32
		{043F7836-D119-4491-88F1-DB6334219A32}.Debug|Win32.Build.0 = Debug|Win32
		{043F7836-D119-4491-88F1-DB6334219A32}.Debug|x64.ActiveCfg = Debug|x64
		{043F7836-D119-4491-88F1-DB6334219A32}.Debug|x64.Build.0 = Debug|x64
		{043F7836-D119-4491-88F1-DB6334219A32}.Release|Any CPU.ActiveCfg = Release|Win32
		{043F7836-D119-4491-88F1-DB6334219A32}.Release|ARM.ActiveCfg = Release|Win32
		{043F7836-D119-4491-88F1-DB6334219A32}.Release|Mixed Platforms.ActiveCfg = Release|Win32
		{043F7836-D119-4491-88F1-DB6334219A32}.Release|Mixed Platforms.Build.0 = Release|Win32
		{043F7836-D119-4491-88F1-DB6334219A32}.Release|Win32.ActiveCfg = Release|Win32
		{043F7836-D119-4491-88F1-DB6334219A32}.Release|Win32.Build.0 = Release|Win32
		{043F7836-D119-4491-88F1-DB6334219A32}.Release|x64.ActiveCfg = Release|x64
		{043F7836-D119-4491-88F1-DB6334219A32}.Release|x64.Build.0 = Release|x64
		{E88085C2-D120-4E12-AA30-C848FF4B36AB}.Debug|Any CPU.ActiveCfg = Debug|Win32
		{E88085C2-D120-4E12-AA30-C848FF4B36AB}.Debug|ARM.ActiveCfg = Debug|Win32
		{E88085C2-D120-4E12-AA30-C848FF4B36AB}.Debug|Mixed Platforms.ActiveCfg = Debug|x64
		{E88085C2-D120-4E12-AA30-C848FF4B36AB}.Debug|Mixed Platforms.Build.0 = Debug|x64
		{E88085C2-D120-4E12-AA30-C848FF4B36AB}.Debug|Win32.ActiveCfg = Debug|Win32
		{E88085C2-D120-4E12-AA30-C848FF4B36AB}.Debug|Win32.Build.0 = Debug|Win32
		{E88085C2-D120-4E12-AA30-C848FF4B36AB}.Debug|x64.ActiveCfg = Debug|x64
		{E88085C2-D120-4E12-AA30-C848FF4B36AB}.Debug|x64.Build.0 = Debug|x64
		{E88085C2-D120-4E12-AA30-C848FF4B36AB}.Release|Any CPU.ActiveCfg = Release|Win32
		{E88085C2-D120-4E12-AA30-C848FF4B36AB}.Release|ARM.ActiveCfg = Release|Win32
		{E88085C2-D120-4E12-AA30-C848FF4B36AB}.Release|Mixed Platforms.ActiveCfg = Release|Win32
		{E88085C2-D120-4E12-AA30-C848FF4B36AB}.Release|Mixed Platforms.Build.0 = Release|Win32
		{E88085C2-D120-4E12-AA30-C848FF4B36AB}.Release|Win32.ActiveCfg = Release|Win32
		{E88085C2-D120-4E12-AA30-C848FF4B36AB}.Release|Win32.Build.0 = Release|Win32
		{E88085C2-D120-4E12-AA30-C848FF4B36AB}.Release|x64.ActiveCfg = Release|x64
		{E88085C2-D120-4E12-AA30-C848FF4B36AB}.Release|x64.Build.0 = Release|x64
		{1515F39A-0956-4F01-A163-2960DC0B49F3}.Debug|Any CPU.ActiveCfg = Debug|Win32
		{1515F39A-0956-4F01-A163-2960DC0B49F3}.Debug|ARM.ActiveCfg = Debug|Win32
		{1515F39A-0956-4F01-A163-2960DC0B49F3}.Debug|Mixed Platforms.ActiveCfg = Debug|x64
		{1515F39A-0956-4F01-A163-2960DC0B49F3}.Debug|Mixed Platforms.Build.0 = Debug|x64
		{1515F39A-0956-4F01-A163-2960DC0B49F3}.Debug|Win32.ActiveCfg = Debug|Win32
		{1515F39A-0956-4F01-A163-2960DC0B49F3}.Debug|Win32.Build.0 = Debug|Win32
		{1515F39A-0956-4F01-A163-2960DC0B49F3}.Debug|x64.ActiveCfg = Debug|x64
		{1515F39A-0956-4F01-A163-2960DC0B49F3}.Debug|x64.Build.0 = Debug|x64
		{1515F39A-0956-4F01-A163-2960DC0B49F3}.Release|Any CPU.ActiveCfg = Release|Win32
		{1515F39A-0956-4F01-A163-2960DC0B49F3}.Release|ARM.ActiveCfg = Release|Win32
		{1515F39A-0956-4F01-A163-2960DC0B49F3}.Release|Mixed Platforms.ActiveCfg = Release|Win32
		{1515F39A-0956-4F01-A163-2960DC0B49F3}.Release|Mixed Platforms.Build.0 = Release|Win32
		{1515F39A-0956-4F01-A163-2960DC0B49F3}.Release|Win32.ActiveCfg = Release|Win32
		{1515F39A-0956-4F01-A163-2960DC0B49F3}.Release|Win32.Build.0 = Release|Win32
		{1515F39A-0956-4F01-A163-2960DC0B49F3}.Release|x64.ActiveCfg = Release|x64
		{1515F39A-0956-4F01-A163-2960DC0B49F3}.Release|x64.Build.0 = Release|x64
		{1FE87616-8B24-4977-BBD6-F58F32684E51}.Debug|Any CPU.ActiveCfg = Debug|Win32
		{1FE87616-8B24-4977-BBD6-F58F32684E51}.Debug|ARM.ActiveCfg = Debug|Win32
		{1FE87616-8B24-4977-BBD6-F58F32684E51}.Debug|Mixed Platforms.ActiveCfg = Debug|x64
		{1FE87616-8B24-4977-BBD6-F58F32684E51}.Debug|Mixed Platforms.Build.0 = Debug|x64
		{1FE87616-8B24-4977-BBD6-F58F32684E51}.Debug|Win32.ActiveCfg = Debug|Win32
		{1FE87616-8B24-4977-BBD6-F58F32684E51}.Debug|Win32.Build.0 = Debug|Win32
		{1FE87616-8B24-4977-BBD6-F58F32684E51}.Debug|x64.ActiveCfg = Debug|x64
		{1FE87616-8B24-4977-BBD6-F58F32684E51}.Debug|x64.Build.0 = Debug|x64
		{1FE87616-8B24-4977-BBD6-F58F32684E51}.Release|Any CPU.ActiveCfg = Release|Win32
		{1FE87616-8B24-4977-BBD6-F58F32684E51}.Release|ARM.ActiveCfg = Release|Win32
		{1FE87616-8B24-4977-BBD6-F58F32684E51}.Release|Mixed Platforms.ActiveCfg = Release|Win32
		{1FE87616-8B24-4977-BBD6-F58F32684E51}.Release|Mixed Platforms.Build.0 = Release|Win32
		{1FE87616-8B24-4977-BBD6-F58F32684E51}.Release|Win32.ActiveCfg = Release|Win32
		{1FE87616-8B24-4977-BBD6-F58F32684E51}.Release|Win32.Build.0 = Release|Win32
		{1FE87616-8B24-4977-BBD6-F58F32684E51}.Release|x64.ActiveCfg = Release|x64
		{1FE87616-8B24-4977-BBD6-F58F32684E51}.Release|x64.Build.0 = Release|x64
	EndGlobalSection
	GlobalSection(SolutionProperties) = preSolution
		HideSolutionNode = FALSE
	EndGlobalSection
	GlobalSection(NestedProjects) = preSolution
		{27B177C3-CE22-49E1-9CAD-42C7154300A3} = {D98D45E0-49EE-4911-8AD1-C990B9CD4A34}
		{043F7836-D119-4491-88F1-DB6334219A32} = {5F135202-5622-43EF-B1F5-3397FA339F74}
		{E88085C2-D120-4E12-AA30-C848FF4B36AB} = {F8F74D7E-EDE2-4F20-A119-CCF9BFE21FCB}
		{1515F39A-0956-4F01-A163-2960DC0B49F3} = {92A84213-B60A-4360-9132-CCD6210DC1DF}
		{1FE87616-8B24-4977-BBD6-F58F32684E51} = {92A84213-B60A-4360-9132-CCD6210DC1DF}
	EndGlobalSection
EndGlobal
